
Microsoft Visual Studio Solution File, Format Version 12.00
# Visual Studio Version 16
VisualStudioVersion = 16.0.32510.428
MinimumVisualStudioVersion = 10.0.40219.1
Project("{FAE04EC0-301F-11D3-BF4B-00C04F79EFBC}") = "Coffein", "Coffein\Coffein.csproj", "{BA41488F-C333-4D67-AA5E-3C530E93DBD7}"
EndProject
Global
	GlobalSection(SolutionConfigurationPlatforms) = preSolution
		Debug|Any CPU = Debug|Any CPU
		Release|Any CPU = Release|Any CPU
	EndGlobalSection
	GlobalSection(ProjectConfigurationPlatforms) = postSolution
		{BA41488F-C333-4D67-AA5E-3C530E93DBD7}.Debug|Any CPU.ActiveCfg = Debug|Any CPU
		{BA41488F-C333-4D67-AA5E-3C530E93DBD7}.Debug|Any CPU.Build.0 = Debug|Any CPU
		{BA41488F-C333-4D67-AA5E-3C530E93DBD7}.Release|Any CPU.ActiveCfg = Release|Any CPU
		{BA41488F-C333-4D67-AA5E-3C530E93DBD7}.Release|Any CPU.Build.0 = Release|Any CPU
	EndGlobalSection
	GlobalSection(SolutionProperties) = preSolution
		HideSolutionNode = FALSE
	EndGlobalSection
	GlobalSection(ExtensibilityGlobals) = postSolution
		SolutionGuid = {464D5AF5-AE8B-4D0D-A509-087A52C36A54}
	EndGlobalSection
EndGlobal
